
Microsoft Visual Studio Solution File, Format Version 12.00
# Visual Studio Version 17
VisualStudioVersion = 17.1.32210.238
MinimumVisualStudioVersion = 10.0.40219.1
Project("{9A19103F-16F7-4668-BE54-9A1E7A4F7556}") = "SSH", "HPSSH\SSH.csproj", "{241F72A1-3E00-4972-8DB7-C46A76E0E376}"
EndProject
Project("{FAE04EC0-301F-11D3-BF4B-00C04F79EFBC}") = "HPM", "HPM\HPM.csproj", "{294EF207-22CF-416C-B10E-DF9A29E0CC4A}"
EndProject
Global
	GlobalSection(SolutionConfigurationPlatforms) = preSolution
		Debug|Any CPU = Debug|Any CPU
		Release|Any CPU = Release|Any CPU
	EndGlobalSection
	GlobalSection(ProjectConfigurationPlatforms) = postSolution
		{241F72A1-3E00-4972-8DB7-C46A76E0E376}.Debug|Any CPU.ActiveCfg = Debug|Any CPU
		{241F72A1-3E00-4972-8DB7-C46A76E0E376}.Debug|Any CPU.Build.0 = Debug|Any CPU
		{241F72A1-3E00-4972-8DB7-C46A76E0E376}.Release|Any CPU.ActiveCfg = Release|Any CPU
		{241F72A1-3E00-4972-8DB7-C46A76E0E376}.Release|Any CPU.Build.0 = Release|Any CPU
		{294EF207-22CF-416C-B10E-DF9A29E0CC4A}.Debug|Any CPU.ActiveCfg = Debug|Any CPU
		{294EF207-22CF-416C-B10E-DF9A29E0CC4A}.Debug|Any CPU.Build.0 = Debug|Any CPU
		{294EF207-22CF-416C-B10E-DF9A29E0CC4A}.Release|Any CPU.ActiveCfg = Release|Any CPU
		{294EF207-22CF-416C-B10E-DF9A29E0CC4A}.Release|Any CPU.Build.0 = Release|Any CPU
	EndGlobalSection
	GlobalSection(SolutionProperties) = preSolution
		HideSolutionNode = FALSE
	EndGlobalSection
	GlobalSection(ExtensibilityGlobals) = postSolution
		SolutionGuid = {0A638282-5BDE-41E8-BC6F-FF28DB62CAEA}
	EndGlobalSection
EndGlobal
